// !$*UTF8*$!
{
	archiveVersion = 1;
	classes = {
	};
	objectVersion = 46;
	objects = {

/* Begin PBXBuildFile section */
		45AEC063FD5EF7DCC7C503E8 /* Pods_SVLImageCropViewControllerDemo.framework in Frameworks */ = {isa = PBXBuildFile; fileRef = 20A955EF7849BCE7B2BB52C2 /* Pods_SVLImageCropViewControllerDemo.framework */; };
		748FA04B28DAC2BC00442801 /* AppDelegate.m in Sources */ = {isa = PBXBuildFile; fileRef = 748FA04A28DAC2BC00442801 /* AppDelegate.m */; };
		748FA05128DAC2BC00442801 /* ViewController.m in Sources */ = {isa = PBXBuildFile; fileRef = 748FA05028DAC2BC00442801 /* ViewController.m */; };
		748FA05428DAC2BC00442801 /* Main.storyboard in Resources */ = {isa = PBXBuildFile; fileRef = 748FA05228DAC2BC00442801 /* Main.storyboard */; };
		748FA05628DAC2BC00442801 /* Assets.xcassets in Resources */ = {isa = PBXBuildFile; fileRef = 748FA05528DAC2BC00442801 /* Assets.xcassets */; };
		748FA05928DAC2BC00442801 /* LaunchScreen.storyboard in Resources */ = {isa = PBXBuildFile; fileRef = 748FA05728DAC2BC00442801 /* LaunchScreen.storyboard */; };
		748FA05C28DAC2BC00442801 /* main.m in Sources */ = {isa = PBXBuildFile; fileRef = 748FA05B28DAC2BC00442801 /* main.m */; };
		748FA06128DAC50500442801 /* SVLImageCropViewController.m in Sources */ = {isa = PBXBuildFile; fileRef = 748FA02328DAC0D200442801 /* SVLImageCropViewController.m */; };
		748FA06228DAC50500442801 /* QHCropViewController.m in Sources */ = {isa = PBXBuildFile; fileRef = 22DB4D831B234CFA008B8466 /* QHCropViewController.m */; };
		748FA06328DAC50500442801 /* UIImage+QHCropRotate.m in Sources */ = {isa = PBXBuildFile; fileRef = 220C8EAA2106344D00A9B25D /* UIImage+QHCropRotate.m */; };
		748FA06428DAC50500442801 /* QHCropViewControllerTransitioning.m in Sources */ = {isa = PBXBuildFile; fileRef = 22DB4D8A1B234D07008B8466 /* QHCropViewControllerTransitioning.m */; };
		748FA06528DAC50500442801 /* QHActivityCroppedImageProvider.m in Sources */ = {isa = PBXBuildFile; fileRef = 22DB4D9D1B234D4F008B8466 /* QHActivityCroppedImageProvider.m */; };
		748FA06628DAC50500442801 /* QHCroppedImageAttributes.m in Sources */ = {isa = PBXBuildFile; fileRef = 22BF961F1B2CD017009F4785 /* QHCroppedImageAttributes.m */; };
		748FA06728DAC50500442801 /* QHCropOverlayView.m in Sources */ = {isa = PBXBuildFile; fileRef = 22DB4D8F1B234D07008B8466 /* QHCropOverlayView.m */; };
		748FA06828DAC50500442801 /* QHCropScrollView.m in Sources */ = {isa = PBXBuildFile; fileRef = 22DB4D911B234D07008B8466 /* QHCropScrollView.m */; };
		748FA06928DAC50500442801 /* QHCropToolbar.m in Sources */ = {isa = PBXBuildFile; fileRef = 22DB4D931B234D07008B8466 /* QHCropToolbar.m */; };
		748FA06A28DAC50500442801 /* QHCropView.m in Sources */ = {isa = PBXBuildFile; fileRef = 22DB4D951B234D07008B8466 /* QHCropView.m */; };
		748FA06F28DAC5DD00442801 /* SVLImageCropToolbar.m in Sources */ = {isa = PBXBuildFile; fileRef = 748FA06C28DAC54200442801 /* SVLImageCropToolbar.m */; };
/* End PBXBuildFile section */

/* Begin PBXFileReference section */
		20A955EF7849BCE7B2BB52C2 /* Pods_SVLImageCropViewControllerDemo.framework */ = {isa = PBXFileReference; explicitFileType = wrapper.framework; includeInIndex = 0; path = Pods_SVLImageCropViewControllerDemo.framework; sourceTree = BUILT_PRODUCTS_DIR; };
		220C8E9F21062DD300A9B25D /* QHCropViewConstants.h */ = {isa = PBXFileReference; lastKnownFileType = sourcecode.c.h; path = QHCropViewConstants.h; sourceTree = "<group>"; };
		220C8EAA2106344D00A9B25D /* UIImage+QHCropRotate.m */ = {isa = PBXFileReference; fileEncoding = 4; lastKnownFileType = sourcecode.c.objc; path = "UIImage+QHCropRotate.m"; sourceTree = "<group>"; };
		220C8EAB2106344D00A9B25D /* UIImage+QHCropRotate.h */ = {isa = PBXFileReference; fileEncoding = 4; lastKnownFileType = sourcecode.c.h; path = "UIImage+QHCropRotate.h"; sourceTree = "<group>"; };
		22154472235D95330005D91E /* CHANGELOG.md */ = {isa = PBXFileReference; lastKnownFileType = net.daringfireball.markdown; path = CHANGELOG.md; sourceTree = "<group>"; };
		22154473235D95330005D91E /* README.md */ = {isa = PBXFileReference; lastKnownFileType = net.daringfireball.markdown; path = README.md; sourceTree = "<group>"; };
		2238CF441FC02AE00081B957 /* QHCropViewController.h */ = {isa = PBXFileReference; fileEncoding = 4; lastKnownFileType = sourcecode.c.h; path = QHCropViewController.h; sourceTree = "<group>"; };
		22BF961E1B2CD017009F4785 /* QHCroppedImageAttributes.h */ = {isa = PBXFileReference; fileEncoding = 4; lastKnownFileType = sourcecode.c.h; path = QHCroppedImageAttributes.h; sourceTree = "<group>"; };
		22BF961F1B2CD017009F4785 /* QHCroppedImageAttributes.m */ = {isa = PBXFileReference; fileEncoding = 4; lastKnownFileType = sourcecode.c.objc; path = QHCroppedImageAttributes.m; sourceTree = "<group>"; };
		22D83E74279D951200CF0D8E /* CropViewController.podspec */ = {isa = PBXFileReference; lastKnownFileType = text; path = CropViewController.podspec; sourceTree = "<group>"; };
		22D83E75279D951200CF0D8E /* TOCropViewController.podspec */ = {isa = PBXFileReference; lastKnownFileType = text; path = TOCropViewController.podspec; sourceTree = "<group>"; };
		22D83E76279D951200CF0D8E /* README.md */ = {isa = PBXFileReference; lastKnownFileType = net.daringfireball.markdown; path = README.md; sourceTree = "<group>"; };
		22D83E77279D951200CF0D8E /* CHANGELOG.md */ = {isa = PBXFileReference; lastKnownFileType = net.daringfireball.markdown; path = CHANGELOG.md; sourceTree = "<group>"; };
		22DB4D831B234CFA008B8466 /* QHCropViewController.m */ = {isa = PBXFileReference; fileEncoding = 4; lastKnownFileType = sourcecode.c.objc; path = QHCropViewController.m; sourceTree = "<group>"; };
		22DB4D891B234D07008B8466 /* QHCropViewControllerTransitioning.h */ = {isa = PBXFileReference; fileEncoding = 4; lastKnownFileType = sourcecode.c.h; path = QHCropViewControllerTransitioning.h; sourceTree = "<group>"; };
		22DB4D8A1B234D07008B8466 /* QHCropViewControllerTransitioning.m */ = {isa = PBXFileReference; fileEncoding = 4; lastKnownFileType = sourcecode.c.objc; path = QHCropViewControllerTransitioning.m; sourceTree = "<group>"; };
		22DB4D8E1B234D07008B8466 /* QHCropOverlayView.h */ = {isa = PBXFileReference; fileEncoding = 4; lastKnownFileType = sourcecode.c.h; path = QHCropOverlayView.h; sourceTree = "<group>"; };
		22DB4D8F1B234D07008B8466 /* QHCropOverlayView.m */ = {isa = PBXFileReference; fileEncoding = 4; lastKnownFileType = sourcecode.c.objc; path = QHCropOverlayView.m; sourceTree = "<group>"; };
		22DB4D901B234D07008B8466 /* QHCropScrollView.h */ = {isa = PBXFileReference; fileEncoding = 4; lastKnownFileType = sourcecode.c.h; path = QHCropScrollView.h; sourceTree = "<group>"; };
		22DB4D911B234D07008B8466 /* QHCropScrollView.m */ = {isa = PBXFileReference; fileEncoding = 4; lastKnownFileType = sourcecode.c.objc; path = QHCropScrollView.m; sourceTree = "<group>"; };
		22DB4D921B234D07008B8466 /* QHCropToolbar.h */ = {isa = PBXFileReference; fileEncoding = 4; lastKnownFileType = sourcecode.c.h; path = QHCropToolbar.h; sourceTree = "<group>"; };
		22DB4D931B234D07008B8466 /* QHCropToolbar.m */ = {isa = PBXFileReference; fileEncoding = 4; lastKnownFileType = sourcecode.c.objc; path = QHCropToolbar.m; sourceTree = "<group>"; };
		22DB4D941B234D07008B8466 /* QHCropView.h */ = {isa = PBXFileReference; fileEncoding = 4; lastKnownFileType = sourcecode.c.h; path = QHCropView.h; sourceTree = "<group>"; };
		22DB4D951B234D07008B8466 /* QHCropView.m */ = {isa = PBXFileReference; fileEncoding = 4; lastKnownFileType = sourcecode.c.objc; path = QHCropView.m; sourceTree = "<group>"; };
		22DB4D9C1B234D4F008B8466 /* QHActivityCroppedImageProvider.h */ = {isa = PBXFileReference; fileEncoding = 4; lastKnownFileType = sourcecode.c.h; path = QHActivityCroppedImageProvider.h; sourceTree = "<group>"; };
		22DB4D9D1B234D4F008B8466 /* QHActivityCroppedImageProvider.m */ = {isa = PBXFileReference; fileEncoding = 4; lastKnownFileType = sourcecode.c.objc; path = QHActivityCroppedImageProvider.m; sourceTree = "<group>"; };
		3FC432359D667E77FD714772 /* Pods-SVLImageCropViewControllerDemo.debug.xcconfig */ = {isa = PBXFileReference; includeInIndex = 1; lastKnownFileType = text.xcconfig; name = "Pods-SVLImageCropViewControllerDemo.debug.xcconfig"; path = "Target Support Files/Pods-SVLImageCropViewControllerDemo/Pods-SVLImageCropViewControllerDemo.debug.xcconfig"; sourceTree = "<group>"; };
		748FA01928DAB2FE00442801 /* QHCropNamespace.h */ = {isa = PBXFileReference; fileEncoding = 4; lastKnownFileType = sourcecode.c.h; path = QHCropNamespace.h; sourceTree = "<group>"; };
		748FA02228DAC0D200442801 /* SVLImageCropViewController.h */ = {isa = PBXFileReference; lastKnownFileType = sourcecode.c.h; path = SVLImageCropViewController.h; sourceTree = "<group>"; };
		748FA02328DAC0D200442801 /* SVLImageCropViewController.m */ = {isa = PBXFileReference; lastKnownFileType = sourcecode.c.objc; path = SVLImageCropViewController.m; sourceTree = "<group>"; };
		748FA04728DAC2BC00442801 /* SVLImageCropViewControllerDemo.app */ = {isa = PBXFileReference; explicitFileType = wrapper.application; includeInIndex = 0; path = SVLImageCropViewControllerDemo.app; sourceTree = BUILT_PRODUCTS_DIR; };
		748FA04928DAC2BC00442801 /* AppDelegate.h */ = {isa = PBXFileReference; lastKnownFileType = sourcecode.c.h; path = AppDelegate.h; sourceTree = "<group>"; };
		748FA04A28DAC2BC00442801 /* AppDelegate.m */ = {isa = PBXFileReference; lastKnownFileType = sourcecode.c.objc; path = AppDelegate.m; sourceTree = "<group>"; };
		748FA04F28DAC2BC00442801 /* ViewController.h */ = {isa = PBXFileReference; lastKnownFileType = sourcecode.c.h; path = ViewController.h; sourceTree = "<group>"; };
		748FA05028DAC2BC00442801 /* ViewController.m */ = {isa = PBXFileReference; lastKnownFileType = sourcecode.c.objc; path = ViewController.m; sourceTree = "<group>"; };
		748FA05328DAC2BC00442801 /* Base */ = {isa = PBXFileReference; lastKnownFileType = file.storyboard; name = Base; path = Base.lproj/Main.storyboard; sourceTree = "<group>"; };
		748FA05528DAC2BC00442801 /* Assets.xcassets */ = {isa = PBXFileReference; lastKnownFileType = folder.assetcatalog; path = Assets.xcassets; sourceTree = "<group>"; };
		748FA05828DAC2BC00442801 /* Base */ = {isa = PBXFileReference; lastKnownFileType = file.storyboard; name = Base; path = Base.lproj/LaunchScreen.storyboard; sourceTree = "<group>"; };
		748FA05A28DAC2BC00442801 /* Info.plist */ = {isa = PBXFileReference; lastKnownFileType = text.plist.xml; path = Info.plist; sourceTree = "<group>"; };
		748FA05B28DAC2BC00442801 /* main.m */ = {isa = PBXFileReference; lastKnownFileType = sourcecode.c.objc; path = main.m; sourceTree = "<group>"; };
		748FA06B28DAC54200442801 /* SVLImageCropToolbar.h */ = {isa = PBXFileReference; lastKnownFileType = sourcecode.c.h; path = SVLImageCropToolbar.h; sourceTree = "<group>"; };
		748FA06C28DAC54200442801 /* SVLImageCropToolbar.m */ = {isa = PBXFileReference; lastKnownFileType = sourcecode.c.objc; path = SVLImageCropToolbar.m; sourceTree = "<group>"; };
		B45F8C74182F20F20D97A050 /* Pods-SVLImageCropViewControllerDemo.release.xcconfig */ = {isa = PBXFileReference; includeInIndex = 1; lastKnownFileType = text.xcconfig; name = "Pods-SVLImageCropViewControllerDemo.release.xcconfig"; path = "Target Support Files/Pods-SVLImageCropViewControllerDemo/Pods-SVLImageCropViewControllerDemo.release.xcconfig"; sourceTree = "<group>"; };
/* End PBXFileReference section */

/* Begin PBXFrameworksBuildPhase section */
		748FA04428DAC2BC00442801 /* Frameworks */ = {
			isa = PBXFrameworksBuildPhase;
			buildActionMask = 2147483647;
			files = (
				45AEC063FD5EF7DCC7C503E8 /* Pods_SVLImageCropViewControllerDemo.framework in Frameworks */,
			);
			runOnlyForDeploymentPostprocessing = 0;
		};
/* End PBXFrameworksBuildPhase section */

/* Begin PBXGroup section */
		144B8CCA1D22CAFF0085D774 /* QHCropViewController */ = {
			isa = PBXGroup;
			children = (
				748FA01928DAB2FE00442801 /* QHCropNamespace.h */,
				2238CF441FC02AE00081B957 /* QHCropViewController.h */,
				22DB4D831B234CFA008B8466 /* QHCropViewController.m */,
				220C8EA92106344D00A9B25D /* Categories */,
				220C8EA521062FFF00A9B25D /* Constants */,
				22DB4D881B234D07008B8466 /* Models */,
				22DB4D8D1B234D07008B8466 /* Views */,
			);
			path = QHCropViewController;
			sourceTree = "<group>";
		};
		220C8EA521062FFF00A9B25D /* Constants */ = {
			isa = PBXGroup;
			children = (
				220C8E9F21062DD300A9B25D /* QHCropViewConstants.h */,
			);
			path = Constants;
			sourceTree = "<group>";
		};
		220C8EA92106344D00A9B25D /* Categories */ = {
			isa = PBXGroup;
			children = (
				220C8EAB2106344D00A9B25D /* UIImage+QHCropRotate.h */,
				220C8EAA2106344D00A9B25D /* UIImage+QHCropRotate.m */,
			);
			path = Categories;
			sourceTree = "<group>";
		};
		223424611ABBC0CC00BBC2B1 = {
			isa = PBXGroup;
			children = (
				2238CF321FC0271C0081B957 /* Objective-C */,
				748FA04828DAC2BC00442801 /* SVLImageCropViewControllerDemo */,
				2234246B1ABBC0CD00BBC2B1 /* Products */,
				2238CF581FC030C30081B957 /* Frameworks */,
				22D83E77279D951200CF0D8E /* CHANGELOG.md */,
				22D83E76279D951200CF0D8E /* README.md */,
				22D83E74279D951200CF0D8E /* CropViewController.podspec */,
				22D83E75279D951200CF0D8E /* TOCropViewController.podspec */,
				698017CAF7DA3315CFA3C0F4 /* Pods */,
			);
			sourceTree = "<group>";
		};
		2234246B1ABBC0CD00BBC2B1 /* Products */ = {
			isa = PBXGroup;
			children = (
				748FA04728DAC2BC00442801 /* SVLImageCropViewControllerDemo.app */,
			);
			name = Products;
			sourceTree = "<group>";
		};
		2238CF321FC0271C0081B957 /* Objective-C */ = {
			isa = PBXGroup;
			children = (
				748FA01828DAB2D800442801 /* SVLImageCropViewController */,
				144B8CCA1D22CAFF0085D774 /* QHCropViewController */,
			);
			path = "Objective-C";
			sourceTree = "<group>";
		};
		2238CF581FC030C30081B957 /* Frameworks */ = {
			isa = PBXGroup;
			children = (
				22154472235D95330005D91E /* CHANGELOG.md */,
				22154473235D95330005D91E /* README.md */,
				20A955EF7849BCE7B2BB52C2 /* Pods_SVLImageCropViewControllerDemo.framework */,
			);
			name = Frameworks;
			sourceTree = "<group>";
		};
		22DB4D881B234D07008B8466 /* Models */ = {
			isa = PBXGroup;
			children = (
				22DB4D891B234D07008B8466 /* QHCropViewControllerTransitioning.h */,
				22DB4D8A1B234D07008B8466 /* QHCropViewControllerTransitioning.m */,
				22DB4D9C1B234D4F008B8466 /* QHActivityCroppedImageProvider.h */,
				22DB4D9D1B234D4F008B8466 /* QHActivityCroppedImageProvider.m */,
				22BF961E1B2CD017009F4785 /* QHCroppedImageAttributes.h */,
				22BF961F1B2CD017009F4785 /* QHCroppedImageAttributes.m */,
			);
			path = Models;
			sourceTree = "<group>";
		};
		22DB4D8D1B234D07008B8466 /* Views */ = {
			isa = PBXGroup;
			children = (
				22DB4D8E1B234D07008B8466 /* QHCropOverlayView.h */,
				22DB4D8F1B234D07008B8466 /* QHCropOverlayView.m */,
				22DB4D901B234D07008B8466 /* QHCropScrollView.h */,
				22DB4D911B234D07008B8466 /* QHCropScrollView.m */,
				22DB4D921B234D07008B8466 /* QHCropToolbar.h */,
				22DB4D931B234D07008B8466 /* QHCropToolbar.m */,
				22DB4D941B234D07008B8466 /* QHCropView.h */,
				22DB4D951B234D07008B8466 /* QHCropView.m */,
			);
			path = Views;
			sourceTree = "<group>";
		};
		698017CAF7DA3315CFA3C0F4 /* Pods */ = {
			isa = PBXGroup;
			children = (
				3FC432359D667E77FD714772 /* Pods-SVLImageCropViewControllerDemo.debug.xcconfig */,
				B45F8C74182F20F20D97A050 /* Pods-SVLImageCropViewControllerDemo.release.xcconfig */,
			);
			path = Pods;
			sourceTree = "<group>";
		};
		748FA01828DAB2D800442801 /* SVLImageCropViewController */ = {
			isa = PBXGroup;
			children = (
				748FA02128DAC07700442801 /* SVLImageCrop */,
			);
			path = SVLImageCropViewController;
			sourceTree = "<group>";
		};
		748FA02128DAC07700442801 /* SVLImageCrop */ = {
			isa = PBXGroup;
			children = (
				748FA02228DAC0D200442801 /* SVLImageCropViewController.h */,
				748FA02328DAC0D200442801 /* SVLImageCropViewController.m */,
				748FA06B28DAC54200442801 /* SVLImageCropToolbar.h */,
				748FA06C28DAC54200442801 /* SVLImageCropToolbar.m */,
			);
			path = SVLImageCrop;
			sourceTree = "<group>";
		};
		748FA04828DAC2BC00442801 /* SVLImageCropViewControllerDemo */ = {
			isa = PBXGroup;
			children = (
				748FA04928DAC2BC00442801 /* AppDelegate.h */,
				748FA04A28DAC2BC00442801 /* AppDelegate.m */,
				748FA04F28DAC2BC00442801 /* ViewController.h */,
				748FA05028DAC2BC00442801 /* ViewController.m */,
				748FA05228DAC2BC00442801 /* Main.storyboard */,
				748FA05528DAC2BC00442801 /* Assets.xcassets */,
				748FA05728DAC2BC00442801 /* LaunchScreen.storyboard */,
				748FA05A28DAC2BC00442801 /* Info.plist */,
				748FA05B28DAC2BC00442801 /* main.m */,
			);
			path = SVLImageCropViewControllerDemo;
			sourceTree = "<group>";
		};
/* End PBXGroup section */

/* Begin PBXNativeTarget section */
		748FA04628DAC2BC00442801 /* SVLImageCropViewControllerDemo */ = {
			isa = PBXNativeTarget;
			buildConfigurationList = 748FA05D28DAC2BC00442801 /* Build configuration list for PBXNativeTarget "SVLImageCropViewControllerDemo" */;
			buildPhases = (
				2B1426A3096CCB297E29329D /* [CP] Check Pods Manifest.lock */,
				748FA04328DAC2BC00442801 /* Sources */,
				748FA04428DAC2BC00442801 /* Frameworks */,
				748FA04528DAC2BC00442801 /* Resources */,
				B55E06FDEA0DBAF8DE3291FE /* [CP] Embed Pods Frameworks */,
			);
			buildRules = (
			);
			dependencies = (
			);
			name = SVLImageCropViewControllerDemo;
			productName = SVLImageCropViewControllerDemo;
			productReference = 748FA04728DAC2BC00442801 /* SVLImageCropViewControllerDemo.app */;
			productType = "com.apple.product-type.application";
		};
/* End PBXNativeTarget section */

/* Begin PBXProject section */
		223424621ABBC0CC00BBC2B1 /* Project object */ = {
			isa = PBXProject;
			attributes = {
				LastSwiftUpdateCheck = 0910;
				LastUpgradeCheck = 1320;
				ORGANIZATIONNAME = "Tim Oliver";
				TargetAttributes = {
					748FA04628DAC2BC00442801 = {
						CreatedOnToolsVersion = 14.0;
						DevelopmentTeam = 559F36FNHV;
						ProvisioningStyle = Automatic;
					};
				};
			};
			buildConfigurationList = 223424651ABBC0CC00BBC2B1 /* Build configuration list for PBXProject "TOCropViewControllerExample" */;
			compatibilityVersion = "Xcode 3.2";
			developmentRegion = en;
			hasScannedForEncodings = 0;
			knownRegions = (
				en,
				Base,
				fr,
				de,
				ja,
				"zh-Hans",
				"zh-Hant",
				es,
				it,
				nl,
				ko,
				ru,
				pl,
				id,
				pt,
				ar,
				tr,
				vi,
				"da-DK",
				ms,
				hu,
				ro,
				fa,
				"fa-IR",
				fi,
				"pt-BR",
				cs,
				sk,
				ca,
				uk,
			);
			mainGroup = 223424611ABBC0CC00BBC2B1;
			productRefGroup = 2234246B1ABBC0CD00BBC2B1 /* Products */;
			projectDirPath = "";
			projectRoot = "";
			targets = (
				748FA04628DAC2BC00442801 /* SVLImageCropViewControllerDemo */,
			);
		};
/* End PBXProject section */

/* Begin PBXResourcesBuildPhase section */
		748FA04528DAC2BC00442801 /* Resources */ = {
			isa = PBXResourcesBuildPhase;
			buildActionMask = 2147483647;
			files = (
				748FA05928DAC2BC00442801 /* LaunchScreen.storyboard in Resources */,
				748FA05628DAC2BC00442801 /* Assets.xcassets in Resources */,
				748FA05428DAC2BC00442801 /* Main.storyboard in Resources */,
			);
			runOnlyForDeploymentPostprocessing = 0;
		};
/* End PBXResourcesBuildPhase section */

/* Begin PBXShellScriptBuildPhase section */
		2B1426A3096CCB297E29329D /* [CP] Check Pods Manifest.lock */ = {
			isa = PBXShellScriptBuildPhase;
			buildActionMask = 2147483647;
			files = (
			);
			inputFileListPaths = (
			);
			inputPaths = (
				"${PODS_PODFILE_DIR_PATH}/Podfile.lock",
				"${PODS_ROOT}/Manifest.lock",
			);
			name = "[CP] Check Pods Manifest.lock";
			outputFileListPaths = (
			);
			outputPaths = (
				"$(DERIVED_FILE_DIR)/Pods-SVLImageCropViewControllerDemo-checkManifestLockResult.txt",
			);
			runOnlyForDeploymentPostprocessing = 0;
			shellPath = /bin/sh;
			shellScript = "diff \"${PODS_PODFILE_DIR_PATH}/Podfile.lock\" \"${PODS_ROOT}/Manifest.lock\" > /dev/null\nif [ $? != 0 ] ; then\n    # print error to STDERR\n    echo \"error: The sandbox is not in sync with the Podfile.lock. Run 'pod install' or update your CocoaPods installation.\" >&2\n    exit 1\nfi\n# This output is used by Xcode 'outputs' to avoid re-running this script phase.\necho \"SUCCESS\" > \"${SCRIPT_OUTPUT_FILE_0}\"\n";
			showEnvVarsInLog = 0;
		};
		B55E06FDEA0DBAF8DE3291FE /* [CP] Embed Pods Frameworks */ = {
			isa = PBXShellScriptBuildPhase;
			buildActionMask = 2147483647;
			files = (
			);
			inputPaths = (
				"${PODS_ROOT}/Target Support Files/Pods-SVLImageCropViewControllerDemo/Pods-SVLImageCropViewControllerDemo-frameworks.sh",
				"${BUILT_PRODUCTS_DIR}/Masonry/Masonry.framework",
			);
			name = "[CP] Embed Pods Frameworks";
			outputPaths = (
				"${TARGET_BUILD_DIR}/${FRAMEWORKS_FOLDER_PATH}/Masonry.framework",
			);
			runOnlyForDeploymentPostprocessing = 0;
			shellPath = /bin/sh;
			shellScript = "\"${PODS_ROOT}/Target Support Files/Pods-SVLImageCropViewControllerDemo/Pods-SVLImageCropViewControllerDemo-frameworks.sh\"\n";
			showEnvVarsInLog = 0;
		};
/* End PBXShellScriptBuildPhase section */

/* Begin PBXSourcesBuildPhase section */
		748FA04328DAC2BC00442801 /* Sources */ = {
			isa = PBXSourcesBuildPhase;
			buildActionMask = 2147483647;
			files = (
				748FA06F28DAC5DD00442801 /* SVLImageCropToolbar.m in Sources */,
				748FA06128DAC50500442801 /* SVLImageCropViewController.m in Sources */,
				748FA06228DAC50500442801 /* QHCropViewController.m in Sources */,
				748FA06328DAC50500442801 /* UIImage+QHCropRotate.m in Sources */,
				748FA06428DAC50500442801 /* QHCropViewControllerTransitioning.m in Sources */,
				748FA06528DAC50500442801 /* QHActivityCroppedImageProvider.m in Sources */,
				748FA06628DAC50500442801 /* QHCroppedImageAttributes.m in Sources */,
				748FA06728DAC50500442801 /* QHCropOverlayView.m in Sources */,
				748FA06828DAC50500442801 /* QHCropScrollView.m in Sources */,
				748FA06928DAC50500442801 /* QHCropToolbar.m in Sources */,
				748FA06A28DAC50500442801 /* QHCropView.m in Sources */,
				748FA05128DAC2BC00442801 /* ViewController.m in Sources */,
				748FA04B28DAC2BC00442801 /* AppDelegate.m in Sources */,
				748FA05C28DAC2BC00442801 /* main.m in Sources */,
			);
			runOnlyForDeploymentPostprocessing = 0;
		};
/* End PBXSourcesBuildPhase section */

/* Begin PBXVariantGroup section */
		748FA05228DAC2BC00442801 /* Main.storyboard */ = {
			isa = PBXVariantGroup;
			children = (
				748FA05328DAC2BC00442801 /* Base */,
			);
			name = Main.storyboard;
			sourceTree = "<group>";
		};
		748FA05728DAC2BC00442801 /* LaunchScreen.storyboard */ = {
			isa = PBXVariantGroup;
			children = (
				748FA05828DAC2BC00442801 /* Base */,
			);
			name = LaunchScreen.storyboard;
			sourceTree = "<group>";
		};
/* End PBXVariantGroup section */

/* Begin XCBuildConfiguration section */
		2234248B1ABBC0CD00BBC2B1 /* Debug */ = {
			isa = XCBuildConfiguration;
			buildSettings = {
				ALWAYS_SEARCH_USER_PATHS = NO;
				CLANG_ANALYZER_LOCALIZABILITY_NONLOCALIZED = YES;
				CLANG_CXX_LANGUAGE_STANDARD = "gnu++0x";
				CLANG_CXX_LIBRARY = "libc++";
				CLANG_ENABLE_MODULES = YES;
				CLANG_ENABLE_OBJC_ARC = YES;
				CLANG_WARN_BLOCK_CAPTURE_AUTORELEASING = YES;
				CLANG_WARN_BOOL_CONVERSION = YES;
				CLANG_WARN_COMMA = YES;
				CLANG_WARN_CONSTANT_CONVERSION = YES;
				CLANG_WARN_DEPRECATED_OBJC_IMPLEMENTATIONS = YES;
				CLANG_WARN_DIRECT_OBJC_ISA_USAGE = YES_ERROR;
				CLANG_WARN_EMPTY_BODY = YES;
				CLANG_WARN_ENUM_CONVERSION = YES;
				CLANG_WARN_INFINITE_RECURSION = YES;
				CLANG_WARN_INT_CONVERSION = YES;
				CLANG_WARN_NON_LITERAL_NULL_CONVERSION = YES;
				CLANG_WARN_OBJC_IMPLICIT_RETAIN_SELF = YES;
				CLANG_WARN_OBJC_LITERAL_CONVERSION = YES;
				CLANG_WARN_OBJC_ROOT_CLASS = YES_ERROR;
				CLANG_WARN_QUOTED_INCLUDE_IN_FRAMEWORK_HEADER = YES;
				CLANG_WARN_RANGE_LOOP_ANALYSIS = YES;
				CLANG_WARN_STRICT_PROTOTYPES = YES;
				CLANG_WARN_SUSPICIOUS_MOVE = YES;
				CLANG_WARN_UNREACHABLE_CODE = YES;
				CLANG_WARN__DUPLICATE_METHOD_MATCH = YES;
				"CODE_SIGN_IDENTITY[sdk=iphoneos*]" = "iPhone Developer";
				COPY_PHASE_STRIP = NO;
				ENABLE_STRICT_OBJC_MSGSEND = YES;
				ENABLE_TESTABILITY = YES;
				GCC_C_LANGUAGE_STANDARD = gnu99;
				GCC_DYNAMIC_NO_PIC = NO;
				GCC_NO_COMMON_BLOCKS = YES;
				GCC_OPTIMIZATION_LEVEL = 0;
				GCC_PREPROCESSOR_DEFINITIONS = (
					"DEBUG=1",
					"$(inherited)",
				);
				GCC_SYMBOLS_PRIVATE_EXTERN = NO;
				GCC_WARN_64_TO_32_BIT_CONVERSION = YES;
				GCC_WARN_ABOUT_RETURN_TYPE = YES_ERROR;
				GCC_WARN_UNDECLARED_SELECTOR = YES;
				GCC_WARN_UNINITIALIZED_AUTOS = YES_AGGRESSIVE;
				GCC_WARN_UNUSED_FUNCTION = YES;
				GCC_WARN_UNUSED_VARIABLE = YES;
				IPHONEOS_DEPLOYMENT_TARGET = 11.0;
				MTL_ENABLE_DEBUG_INFO = YES;
				ONLY_ACTIVE_ARCH = YES;
				OTHER_LDFLAGS = "";
				SDKROOT = iphoneos;
				SWIFT_VERSION = 5.0;
				TARGETED_DEVICE_FAMILY = "1,2";
			};
			name = Debug;
		};
		2234248C1ABBC0CD00BBC2B1 /* Release */ = {
			isa = XCBuildConfiguration;
			buildSettings = {
				ALWAYS_SEARCH_USER_PATHS = NO;
				CLANG_ANALYZER_LOCALIZABILITY_NONLOCALIZED = YES;
				CLANG_CXX_LANGUAGE_STANDARD = "gnu++0x";
				CLANG_CXX_LIBRARY = "libc++";
				CLANG_ENABLE_MODULES = YES;
				CLANG_ENABLE_OBJC_ARC = YES;
				CLANG_WARN_BLOCK_CAPTURE_AUTORELEASING = YES;
				CLANG_WARN_BOOL_CONVERSION = YES;
				CLANG_WARN_COMMA = YES;
				CLANG_WARN_CONSTANT_CONVERSION = YES;
				CLANG_WARN_DEPRECATED_OBJC_IMPLEMENTATIONS = YES;
				CLANG_WARN_DIRECT_OBJC_ISA_USAGE = YES_ERROR;
				CLANG_WARN_EMPTY_BODY = YES;
				CLANG_WARN_ENUM_CONVERSION = YES;
				CLANG_WARN_INFINITE_RECURSION = YES;
				CLANG_WARN_INT_CONVERSION = YES;
				CLANG_WARN_NON_LITERAL_NULL_CONVERSION = YES;
				CLANG_WARN_OBJC_IMPLICIT_RETAIN_SELF = YES;
				CLANG_WARN_OBJC_LITERAL_CONVERSION = YES;
				CLANG_WARN_OBJC_ROOT_CLASS = YES_ERROR;
				CLANG_WARN_QUOTED_INCLUDE_IN_FRAMEWORK_HEADER = YES;
				CLANG_WARN_RANGE_LOOP_ANALYSIS = YES;
				CLANG_WARN_STRICT_PROTOTYPES = YES;
				CLANG_WARN_SUSPICIOUS_MOVE = YES;
				CLANG_WARN_UNREACHABLE_CODE = YES;
				CLANG_WARN__DUPLICATE_METHOD_MATCH = YES;
				"CODE_SIGN_IDENTITY[sdk=iphoneos*]" = "iPhone Developer";
				COPY_PHASE_STRIP = NO;
				ENABLE_NS_ASSERTIONS = NO;
				ENABLE_STRICT_OBJC_MSGSEND = YES;
				GCC_C_LANGUAGE_STANDARD = gnu99;
				GCC_NO_COMMON_BLOCKS = YES;
				GCC_WARN_64_TO_32_BIT_CONVERSION = YES;
				GCC_WARN_ABOUT_RETURN_TYPE = YES_ERROR;
				GCC_WARN_UNDECLARED_SELECTOR = YES;
				GCC_WARN_UNINITIALIZED_AUTOS = YES_AGGRESSIVE;
				GCC_WARN_UNUSED_FUNCTION = YES;
				GCC_WARN_UNUSED_VARIABLE = YES;
				IPHONEOS_DEPLOYMENT_TARGET = 11.0;
				MTL_ENABLE_DEBUG_INFO = NO;
				OTHER_LDFLAGS = "";
				SDKROOT = iphoneos;
				SWIFT_OPTIMIZATION_LEVEL = "-Owholemodule";
				SWIFT_VERSION = 5.0;
				TARGETED_DEVICE_FAMILY = "1,2";
				VALIDATE_PRODUCT = YES;
			};
			name = Release;
		};
		748FA05E28DAC2BC00442801 /* Debug */ = {
			isa = XCBuildConfiguration;
			baseConfigurationReference = 3FC432359D667E77FD714772 /* Pods-SVLImageCropViewControllerDemo.debug.xcconfig */;
			buildSettings = {
				ASSETCATALOG_COMPILER_APPICON_NAME = AppIcon;
				ASSETCATALOG_COMPILER_GLOBAL_ACCENT_COLOR_NAME = AccentColor;
				CLANG_ANALYZER_NONNULL = YES;
				CLANG_ANALYZER_NUMBER_OBJECT_CONVERSION = YES_AGGRESSIVE;
				CLANG_CXX_LANGUAGE_STANDARD = "gnu++20";
				CLANG_ENABLE_OBJC_WEAK = YES;
				CLANG_WARN_DOCUMENTATION_COMMENTS = YES;
				CLANG_WARN_UNGUARDED_AVAILABILITY = YES_AGGRESSIVE;
				CODE_SIGN_STYLE = Automatic;
				CURRENT_PROJECT_VERSION = 1;
				DEBUG_INFORMATION_FORMAT = dwarf;
				DEVELOPMENT_TEAM = 559F36FNHV;
				GCC_C_LANGUAGE_STANDARD = gnu11;
				GENERATE_INFOPLIST_FILE = YES;
				INFOPLIST_FILE = SVLImageCropViewControllerDemo/Info.plist;
				INFOPLIST_KEY_UIApplicationSupportsIndirectInputEvents = YES;
				INFOPLIST_KEY_UILaunchStoryboardName = LaunchScreen;
				INFOPLIST_KEY_UIMainStoryboardFile = Main;
				INFOPLIST_KEY_UISupportedInterfaceOrientations = UIInterfaceOrientationPortrait;
				IPHONEOS_DEPLOYMENT_TARGET = 11.0;
				LD_RUNPATH_SEARCH_PATHS = "$(inherited) @executable_path/Frameworks";
				MARKETING_VERSION = 1.0;
				MTL_ENABLE_DEBUG_INFO = INCLUDE_SOURCE;
				MTL_FAST_MATH = YES;
				PRODUCT_BUNDLE_IDENTIFIER = com.chen.SVLImageCropViewControllerDemo;
				PRODUCT_NAME = "$(TARGET_NAME)";
				SWIFT_EMIT_LOC_STRINGS = YES;
				TARGETED_DEVICE_FAMILY = "1,2";
			};
			name = Debug;
		};
		748FA05F28DAC2BC00442801 /* Release */ = {
			isa = XCBuildConfiguration;
			baseConfigurationReference = B45F8C74182F20F20D97A050 /* Pods-SVLImageCropViewControllerDemo.release.xcconfig */;
			buildSettings = {
				ASSETCATALOG_COMPILER_APPICON_NAME = AppIcon;
				ASSETCATALOG_COMPILER_GLOBAL_ACCENT_COLOR_NAME = AccentColor;
				CLANG_ANALYZER_NONNULL = YES;
				CLANG_ANALYZER_NUMBER_OBJECT_CONVERSION = YES_AGGRESSIVE;
				CLANG_CXX_LANGUAGE_STANDARD = "gnu++20";
				CLANG_ENABLE_OBJC_WEAK = YES;
				CLANG_WARN_DOCUMENTATION_COMMENTS = YES;
				CLANG_WARN_UNGUARDED_AVAILABILITY = YES_AGGRESSIVE;
				CODE_SIGN_STYLE = Automatic;
				CURRENT_PROJECT_VERSION = 1;
				DEBUG_INFORMATION_FORMAT = "dwarf-with-dsym";
				DEVELOPMENT_TEAM = 559F36FNHV;
				GCC_C_LANGUAGE_STANDARD = gnu11;
				GENERATE_INFOPLIST_FILE = YES;
				INFOPLIST_FILE = SVLImageCropViewControllerDemo/Info.plist;
				INFOPLIST_KEY_UIApplicationSupportsIndirectInputEvents = YES;
				INFOPLIST_KEY_UILaunchStoryboardName = LaunchScreen;
				INFOPLIST_KEY_UIMainStoryboardFile = Main;
				INFOPLIST_KEY_UISupportedInterfaceOrientations = UIInterfaceOrientationPortrait;
				IPHONEOS_DEPLOYMENT_TARGET = 11.0;
				LD_RUNPATH_SEARCH_PATHS = "$(inherited) @executable_path/Frameworks";
				MARKETING_VERSION = 1.0;
				MTL_FAST_MATH = YES;
				PRODUCT_BUNDLE_IDENTIFIER = com.chen.SVLImageCropViewControllerDemo;
				PRODUCT_NAME = "$(TARGET_NAME)";
				SWIFT_EMIT_LOC_STRINGS = YES;
				TARGETED_DEVICE_FAMILY = "1,2";
			};
			name = Release;
		};
/* End XCBuildConfiguration section */

/* Begin XCConfigurationList section */
		223424651ABBC0CC00BBC2B1 /* Build configuration list for PBXProject "TOCropViewControllerExample" */ = {
			isa = XCConfigurationList;
			buildConfigurations = (
				2234248B1ABBC0CD00BBC2B1 /* Debug */,
				2234248C1ABBC0CD00BBC2B1 /* Release */,
			);
			defaultConfigurationIsVisible = 0;
			defaultConfigurationName = Release;
		};
		748FA05D28DAC2BC00442801 /* Build configuration list for PBXNativeTarget "SVLImageCropViewControllerDemo" */ = {
			isa = XCConfigurationList;
			buildConfigurations = (
				748FA05E28DAC2BC00442801 /* Debug */,
				748FA05F28DAC2BC00442801 /* Release */,
			);
			defaultConfigurationIsVisible = 0;
			defaultConfigurationName = Release;
		};
/* End XCConfigurationList section */
	};
	rootObject = 223424621ABBC0CC00BBC2B1 /* Project object */;
}
